# This file was autogenerated by Stack.
# You should not edit this file by hand.
# For more information, please see the documentation at:
#   https://docs.haskellstack.org/en/stable/lock_files

packages:
- completed:
    hackage: Stack-0.3.2@sha256:a802798b57f3566b18471ec01a25ae435f6a03b137918610604eb08aa9cffed9,1080
    pantry-tree:
      size: 416
      sha256: 17757e0060f980e228008653e6037d8cc3dcca7078f59298b3fda1ae5f3aac40
  original:
    hackage: Stack-0.3.2
snapshots:
- completed:
    size: 527836
    url: https://raw.githubusercontent.com/commercialhaskell/stackage-snapshots/master/lts/11/22.yaml
    sha256: 341870ac98d8a9f8f77c4adf2e9e0b22063e264a7fbeb4c85b7af5f380dac60e
  original: lts-11.22
