# This file was autogenerated by Stack.
# You should not edit this file by hand.
# For more information, please see the documentation at:
#   https://docs.haskellstack.org/en/stable/lock_files

packages:
- completed:
    cabal-file:
      size: 2956
      sha256: 9da5461d379734adabacb3e9dbdac70a2bb4b19307155f0b9309fe2f851798f5
    name: text-via-sockets
    version: 0.1.0.0
    git: https://github.com/TorXakis/text-via-sockets.git
    pantry-tree:
      size: 682
      sha256: 5e30ecba223e12674b7b37e668af407bbdebeea117fd3a60306a42dd636056c0
    commit: e3228cd0407ec0d7991a544e154ea2def184fcae
  original:
    git: https://github.com/TorXakis/text-via-sockets.git
    commit: e3228cd0407ec0d7991a544e154ea2def184fcae
snapshots:
- completed:
    size: 527836
    url: https://raw.githubusercontent.com/commercialhaskell/stackage-snapshots/master/lts/11/22.yaml
    sha256: 341870ac98d8a9f8f77c4adf2e9e0b22063e264a7fbeb4c85b7af5f380dac60e
  original: lts-11.22
