# This file was autogenerated by Stack.
# You should not edit this file by hand.
# For more information, please see the documentation at:
#   https://docs.haskellstack.org/en/stable/lock_files

packages:
- completed:
    commit: 8817cb4210103d92ba96aca525ddcd08e1cc96e9
    git: https://github.com/gijsvcuyck/text-via-sockets.git
    name: text-via-sockets
    pantry-tree:
      sha256: 2eb38d4b899bf5c45da210b4c8cdfa752e68150e3607c3e2718c6931894ad20b
      size: 959
    version: 0.1.1.0
  original:
    commit: 8817cb4210103d92ba96aca525ddcd08e1cc96e9
    git: https://github.com/gijsvcuyck/text-via-sockets.git
- completed:
    hackage: MissingH-1.5.0.1@sha256:34bdc3ddc94a5c58d76d3c36bc7af052213c2584492cf81f7b005c03b210a985,4791
    pantry-tree:
      sha256: a708a8d90e6370fb4150d6eb45cb88034660c56c7ac799c27211fa6fc253af68
      size: 5272
  original:
    hackage: MissingH-1.5.0.1
- completed:
    hackage: Unique-0.4.7.9@sha256:7c37e22b7bb9df935c22112e67043177461aedcebe3a958854f6c0e9ecb54083,2155
    pantry-tree:
      sha256: 67d44a292c49ab6cf09225c05186f1ab64b359e965017d9d389411e4c79f0803
      size: 1366
  original:
    hackage: Unique-0.4.7.9@sha256:7c37e22b7bb9df935c22112e67043177461aedcebe3a958854f6c0e9ecb54083,2155
snapshots:
- completed:
    sha256: 428ec8d5ce932190d3cbe266b9eb3c175cd81e984babf876b64019e2cbe4ea68
    size: 590100
    url: https://raw.githubusercontent.com/commercialhaskell/stackage-snapshots/master/lts/18/28.yaml
  original: lts-18.28
